
Microsoft Visual Studio Solution File, Format Version 12.00
# Visual Studio Version 17
VisualStudioVersion = 17.14.36127.28
MinimumVisualStudioVersion = 10.0.40219.1
Project("{FAE04EC0-301F-11D3-BF4B-00C04F79EFBC}") = "FIAP.MicroService.Payments.API", "src\FIAP.MicroService.Payments\FIAP.MicroService.Payments.API.csproj", "{286C8135-F646-6A9D-A996-510B9E4D23A3}"
EndProject
Project("{FAE04EC0-301F-11D3-BF4B-00C04F79EFBC}") = "FIAP.MicroService.Payments.Application", "src\FIAP.MicroService.Payments.Application\FIAP.MicroService.Payments.Application.csproj", "{872B5BFD-0C21-1FED-5C0C-1851F3D45908}"
EndProject
Project("{FAE04EC0-301F-11D3-BF4B-00C04F79EFBC}") = "FIAP.MicroService.Payments.Data", "src\FIAP.MicroService.Payments.Data\FIAP.MicroService.Payments.Data.csproj", "{D940A90F-F9E1-DCFE-FBF1-1731D0AD8E91}"
EndProject
Project("{FAE04EC0-301F-11D3-BF4B-00C04F79EFBC}") = "FIAP.MicroService.Payments.InfraEstrutura", "src\FIAP.MicroService.Payments.InfraEstrutura\FIAP.MicroService.Payments.InfraEstrutura.csproj", "{D452540E-8C98-82F3-3B69-5A85D62157B0}"
EndProject
Project("{FAE04EC0-301F-11D3-BF4B-00C04F79EFBC}") = "FIAP.MicroService.Payments.Domain", "src\FIAP.MicroService.Payments.Domain\FIAP.MicroService.Payments.Domain.csproj", "{FBA761EF-BB1F-D65B-E55F-B867CC08DEDA}"
EndProject
Global
	GlobalSection(SolutionConfigurationPlatforms) = preSolution
		Debug|Any CPU = Debug|Any CPU
		Release|Any CPU = Release|Any CPU
	EndGlobalSection
	GlobalSection(ProjectConfigurationPlatforms) = postSolution
		{286C8135-F646-6A9D-A996-510B9E4D23A3}.Debug|Any CPU.ActiveCfg = Debug|Any CPU
		{286C8135-F646-6A9D-A996-510B9E4D23A3}.Debug|Any CPU.Build.0 = Debug|Any CPU
		{286C8135-F646-6A9D-A996-510B9E4D23A3}.Release|Any CPU.ActiveCfg = Release|Any CPU
		{286C8135-F646-6A9D-A996-510B9E4D23A3}.Release|Any CPU.Build.0 = Release|Any CPU
		{872B5BFD-0C21-1FED-5C0C-1851F3D45908}.Debug|Any CPU.ActiveCfg = Debug|Any CPU
		{872B5BFD-0C21-1FED-5C0C-1851F3D45908}.Debug|Any CPU.Build.0 = Debug|Any CPU
		{872B5BFD-0C21-1FED-5C0C-1851F3D45908}.Release|Any CPU.ActiveCfg = Release|Any CPU
		{872B5BFD-0C21-1FED-5C0C-1851F3D45908}.Release|Any CPU.Build.0 = Release|Any CPU
		{D940A90F-F9E1-DCFE-FBF1-1731D0AD8E91}.Debug|Any CPU.ActiveCfg = Debug|Any CPU
		{D940A90F-F9E1-DCFE-FBF1-1731D0AD8E91}.Debug|Any CPU.Build.0 = Debug|Any CPU
		{D940A90F-F9E1-DCFE-FBF1-1731D0AD8E91}.Release|Any CPU.ActiveCfg = Release|Any CPU
		{D940A90F-F9E1-DCFE-FBF1-1731D0AD8E91}.Release|Any CPU.Build.0 = Release|Any CPU
		{D452540E-8C98-82F3-3B69-5A85D62157B0}.Debug|Any CPU.ActiveCfg = Debug|Any CPU
		{D452540E-8C98-82F3-3B69-5A85D62157B0}.Debug|Any CPU.Build.0 = Debug|Any CPU
		{D452540E-8C98-82F3-3B69-5A85D62157B0}.Release|Any CPU.ActiveCfg = Release|Any CPU
		{D452540E-8C98-82F3-3B69-5A85D62157B0}.Release|Any CPU.Build.0 = Release|Any CPU
		{FBA761EF-BB1F-D65B-E55F-B867CC08DEDA}.Debug|Any CPU.ActiveCfg = Debug|Any CPU
		{FBA761EF-BB1F-D65B-E55F-B867CC08DEDA}.Debug|Any CPU.Build.0 = Debug|Any CPU
		{FBA761EF-BB1F-D65B-E55F-B867CC08DEDA}.Release|Any CPU.ActiveCfg = Release|Any CPU
		{FBA761EF-BB1F-D65B-E55F-B867CC08DEDA}.Release|Any CPU.Build.0 = Release|Any CPU
	EndGlobalSection
	GlobalSection(SolutionProperties) = preSolution
		HideSolutionNode = FALSE
	EndGlobalSection
	GlobalSection(ExtensibilityGlobals) = postSolution
		SolutionGuid = {5FF58230-537E-457D-B7FF-9CCEB63D1BC8}
	EndGlobalSection
EndGlobal
